// !$*UTF8*$!
{
	archiveVersion = 1;
	classes = {
	};
	objectVersion = 48;
	objects = {

/* Begin PBXBuildFile section */
		2D3D2ECA1EF0C1C16D457626 /* libPods-Ecg2GForPad.a in Frameworks */ = {isa = PBXBuildFile; fileRef = 343704CFE8F7DC04D38641E3 /* libPods-Ecg2GForPad.a */; };
		688238EE1FA6F8E80059B96D /* JSTabBarController.m in Sources */ = {isa = PBXBuildFile; fileRef = 688238ED1FA6F8E80059B96D /* JSTabBarController.m */; };
		688239151FA6FB800059B96D /* JSSplitController.m in Sources */ = {isa = PBXBuildFile; fileRef = 688238EB1FA6F8C50059B96D /* JSSplitController.m */; };
		688239181FA6FC3F0059B96D /* JSMasterViewController.m in Sources */ = {isa = PBXBuildFile; fileRef = 688239171FA6FC3F0059B96D /* JSMasterViewController.m */; };
		68ADEE6C1FA994430012B500 /* JSNavigationBar.m in Sources */ = {isa = PBXBuildFile; fileRef = 68ADEE6B1FA982920012B500 /* JSNavigationBar.m */; };
		68AF3EB51FA31C4E00C6E455 /* Ecg2GForPadTests.m in Sources */ = {isa = PBXBuildFile; fileRef = 68AF3EB41FA31C4E00C6E455 /* Ecg2GForPadTests.m */; };
		68AF3EC01FA31C4F00C6E455 /* Ecg2GForPadUITests.m in Sources */ = {isa = PBXBuildFile; fileRef = 68AF3EBF1FA31C4F00C6E455 /* Ecg2GForPadUITests.m */; };
		68AF3EDC1FA32B0300C6E455 /* Launch Screen.storyboard in Resources */ = {isa = PBXBuildFile; fileRef = 68AF3EDB1FA32B0300C6E455 /* Launch Screen.storyboard */; };
		68AF3EDE1FA32DEE00C6E455 /* AppDelegate.m in Sources */ = {isa = PBXBuildFile; fileRef = 68AF3ECF1FA31FE400C6E455 /* AppDelegate.m */; };
		68AF3EDF1FA32DF200C6E455 /* main.m in Sources */ = {isa = PBXBuildFile; fileRef = 68AF3ED11FA31FE400C6E455 /* main.m */; };
		68D05CCF1FA873FB0025BCF8 /* JSBaseNavigationController.m in Sources */ = {isa = PBXBuildFile; fileRef = 68D05CCD1FA873FB0025BCF8 /* JSBaseNavigationController.m */; };
		68D05CD21FA874C80025BCF8 /* JSBaseViewController.m in Sources */ = {isa = PBXBuildFile; fileRef = 68D05CD11FA874C80025BCF8 /* JSBaseViewController.m */; };
		68D05CFC1FA87DB80025BCF8 /* JSRealECGPhoneController.m in Sources */ = {isa = PBXBuildFile; fileRef = 68D05CFB1FA87DB80025BCF8 /* JSRealECGPhoneController.m */; };
		68E9B8CF1FA7030400C73FFB /* JSDetailViewController.m in Sources */ = {isa = PBXBuildFile; fileRef = 68E9B8CE1FA7030400C73FFB /* JSDetailViewController.m */; };
		68E9B8D01FA70CC100C73FFB /* UIColor+JSExtension.m in Sources */ = {isa = PBXBuildFile; fileRef = 688239081FA6F9CA0059B96D /* UIColor+JSExtension.m */; };
		68E9B8D11FA70DB200C73FFB /* CALayer+Layout.m in Sources */ = {isa = PBXBuildFile; fileRef = 688238F21FA6F9CA0059B96D /* CALayer+Layout.m */; };
		68E9B8D21FA70DB500C73FFB /* JSDateFormatter.m in Sources */ = {isa = PBXBuildFile; fileRef = 688238F41FA6F9CA0059B96D /* JSDateFormatter.m */; };
		68E9B8D31FA70DB900C73FFB /* JSJsonSerializationTool.m in Sources */ = {isa = PBXBuildFile; fileRef = 688238F61FA6F9CA0059B96D /* JSJsonSerializationTool.m */; };
		68E9B8D51FA70DC000C73FFB /* NSArray+JSLog.m in Sources */ = {isa = PBXBuildFile; fileRef = 688238FA1FA6F9CA0059B96D /* NSArray+JSLog.m */; };
		68E9B8D61FA70DC400C73FFB /* NSDate+JSCompare.m in Sources */ = {isa = PBXBuildFile; fileRef = 688238FC1FA6F9CA0059B96D /* NSDate+JSCompare.m */; };
		68E9B8D71FA70DCA00C73FFB /* UIView+Layout.m in Sources */ = {isa = PBXBuildFile; fileRef = 688239141FA6F9CA0059B96D /* UIView+Layout.m */; };
		68E9B8D81FA70DCF00C73FFB /* UIView+JSExtension.m in Sources */ = {isa = PBXBuildFile; fileRef = 688239121FA6F9CA0059B96D /* UIView+JSExtension.m */; };
		68E9B8D91FA70DD200C73FFB /* NSObject+JSObjc.m in Sources */ = {isa = PBXBuildFile; fileRef = 688238FE1FA6F9CA0059B96D /* NSObject+JSObjc.m */; };
		68E9B8DA1FA70DD600C73FFB /* NSString+JSPhoneVerification.m in Sources */ = {isa = PBXBuildFile; fileRef = 688239061FA6F9CA0059B96D /* NSString+JSPhoneVerification.m */; };
		68E9B8DB1FA70DDA00C73FFB /* UINavigationController+JSFullScreenPopGesture.m in Sources */ = {isa = PBXBuildFile; fileRef = 6882390E1FA6F9CA0059B96D /* UINavigationController+JSFullScreenPopGesture.m */; };
		68E9B8DD1FA70DE300C73FFB /* UIImage+JSExtension.m in Sources */ = {isa = PBXBuildFile; fileRef = 6882390C1FA6F9CA0059B96D /* UIImage+JSExtension.m */; };
		68E9B8DF1FA70DF100C73FFB /* NSString+JSExtension.m in Sources */ = {isa = PBXBuildFile; fileRef = 688239001FA6F9CA0059B96D /* NSString+JSExtension.m */; };
		68E9B8E11FA70DF900C73FFB /* UIFont+JSMicrosoftYaHeiFont.m in Sources */ = {isa = PBXBuildFile; fileRef = 6882390A1FA6F9CA0059B96D /* UIFont+JSMicrosoftYaHeiFont.m */; };
		68E9B8E21FA70DFE00C73FFB /* NSString+JSJSONSerialize.m in Sources */ = {isa = PBXBuildFile; fileRef = 688239041FA6F9CA0059B96D /* NSString+JSJSONSerialize.m */; };
		72DEEC0D39818DFDEA8BDDD3 /* libPods-Ecg2GForPadTests.a in Frameworks */ = {isa = PBXBuildFile; fileRef = EEC438D74448960F58DF61F6 /* libPods-Ecg2GForPadTests.a */; };
		8F8F624B4214DE21E457CB1E /* libPods-Ecg2GForPadUITests.a in Frameworks */ = {isa = PBXBuildFile; fileRef = C158C1F7B8B312C4067B554E /* libPods-Ecg2GForPadUITests.a */; };
/* End PBXBuildFile section */

/* Begin PBXContainerItemProxy section */
		68AF3EB11FA31C4E00C6E455 /* PBXContainerItemProxy */ = {
			isa = PBXContainerItemProxy;
			containerPortal = 68AF3E901FA31C4E00C6E455 /* Project object */;
			proxyType = 1;
			remoteGlobalIDString = 68AF3E971FA31C4E00C6E455;
			remoteInfo = Ecg2GForPad;
		};
		68AF3EBC1FA31C4E00C6E455 /* PBXContainerItemProxy */ = {
			isa = PBXContainerItemProxy;
			containerPortal = 68AF3E901FA31C4E00C6E455 /* Project object */;
			proxyType = 1;
			remoteGlobalIDString = 68AF3E971FA31C4E00C6E455;
			remoteInfo = Ecg2GForPad;
		};
/* End PBXContainerItemProxy section */

/* Begin PBXFileReference section */
		336E2333F73090A05A4EF608 /* Pods-Ecg2GForPadTests.debug.xcconfig */ = {isa = PBXFileReference; includeInIndex = 1; lastKnownFileType = text.xcconfig; name = "Pods-Ecg2GForPadTests.debug.xcconfig"; path = "Pods/Target Support Files/Pods-Ecg2GForPadTests/Pods-Ecg2GForPadTests.debug.xcconfig"; sourceTree = "<group>"; };
		343704CFE8F7DC04D38641E3 /* libPods-Ecg2GForPad.a */ = {isa = PBXFileReference; explicitFileType = archive.ar; includeInIndex = 0; path = "libPods-Ecg2GForPad.a"; sourceTree = BUILT_PRODUCTS_DIR; };
		454EEA78072255482F65ABD4 /* Pods-Ecg2GForPadTests.release.xcconfig */ = {isa = PBXFileReference; includeInIndex = 1; lastKnownFileType = text.xcconfig; name = "Pods-Ecg2GForPadTests.release.xcconfig"; path = "Pods/Target Support Files/Pods-Ecg2GForPadTests/Pods-Ecg2GForPadTests.release.xcconfig"; sourceTree = "<group>"; };
		4C78EF4B8835CC0D47F6D725 /* Pods-Ecg2GForPad.release.xcconfig */ = {isa = PBXFileReference; includeInIndex = 1; lastKnownFileType = text.xcconfig; name = "Pods-Ecg2GForPad.release.xcconfig"; path = "Pods/Target Support Files/Pods-Ecg2GForPad/Pods-Ecg2GForPad.release.xcconfig"; sourceTree = "<group>"; };
		51B4172C42F22114A5C8FB2D /* Pods-Ecg2GForPad.debug.xcconfig */ = {isa = PBXFileReference; includeInIndex = 1; lastKnownFileType = text.xcconfig; name = "Pods-Ecg2GForPad.debug.xcconfig"; path = "Pods/Target Support Files/Pods-Ecg2GForPad/Pods-Ecg2GForPad.debug.xcconfig"; sourceTree = "<group>"; };
		688238EA1FA6F8C50059B96D /* JSSplitController.h */ = {isa = PBXFileReference; lastKnownFileType = sourcecode.c.h; path = JSSplitController.h; sourceTree = "<group>"; };
		688238EB1FA6F8C50059B96D /* JSSplitController.m */ = {isa = PBXFileReference; lastKnownFileType = sourcecode.c.objc; path = JSSplitController.m; sourceTree = "<group>"; };
		688238EC1FA6F8E80059B96D /* JSTabBarController.h */ = {isa = PBXFileReference; lastKnownFileType = sourcecode.c.h; path = JSTabBarController.h; sourceTree = "<group>"; };
		688238ED1FA6F8E80059B96D /* JSTabBarController.m */ = {isa = PBXFileReference; lastKnownFileType = sourcecode.c.objc; path = JSTabBarController.m; sourceTree = "<group>"; };
		688238F11FA6F9CA0059B96D /* CALayer+Layout.h */ = {isa = PBXFileReference; lastKnownFileType = sourcecode.c.h; path = "CALayer+Layout.h"; sourceTree = "<group>"; };
		688238F21FA6F9CA0059B96D /* CALayer+Layout.m */ = {isa = PBXFileReference; lastKnownFileType = sourcecode.c.objc; path = "CALayer+Layout.m"; sourceTree = "<group>"; };
		688238F31FA6F9CA0059B96D /* JSDateFormatter.h */ = {isa = PBXFileReference; lastKnownFileType = sourcecode.c.h; path = JSDateFormatter.h; sourceTree = "<group>"; };
		688238F41FA6F9CA0059B96D /* JSDateFormatter.m */ = {isa = PBXFileReference; lastKnownFileType = sourcecode.c.objc; path = JSDateFormatter.m; sourceTree = "<group>"; };
		688238F51FA6F9CA0059B96D /* JSJsonSerializationTool.h */ = {isa = PBXFileReference; lastKnownFileType = sourcecode.c.h; path = JSJsonSerializationTool.h; sourceTree = "<group>"; };
		688238F61FA6F9CA0059B96D /* JSJsonSerializationTool.m */ = {isa = PBXFileReference; lastKnownFileType = sourcecode.c.objc; path = JSJsonSerializationTool.m; sourceTree = "<group>"; };
		688238F91FA6F9CA0059B96D /* NSArray+JSLog.h */ = {isa = PBXFileReference; lastKnownFileType = sourcecode.c.h; path = "NSArray+JSLog.h"; sourceTree = "<group>"; };
		688238FA1FA6F9CA0059B96D /* NSArray+JSLog.m */ = {isa = PBXFileReference; lastKnownFileType = sourcecode.c.objc; path = "NSArray+JSLog.m"; sourceTree = "<group>"; };
		688238FB1FA6F9CA0059B96D /* NSDate+JSCompare.h */ = {isa = PBXFileReference; lastKnownFileType = sourcecode.c.h; path = "NSDate+JSCompare.h"; sourceTree = "<group>"; };
		688238FC1FA6F9CA0059B96D /* NSDate+JSCompare.m */ = {isa = PBXFileReference; lastKnownFileType = sourcecode.c.objc; path = "NSDate+JSCompare.m"; sourceTree = "<group>"; };
		688238FD1FA6F9CA0059B96D /* NSObject+JSObjc.h */ = {isa = PBXFileReference; lastKnownFileType = sourcecode.c.h; path = "NSObject+JSObjc.h"; sourceTree = "<group>"; };
		688238FE1FA6F9CA0059B96D /* NSObject+JSObjc.m */ = {isa = PBXFileReference; lastKnownFileType = sourcecode.c.objc; path = "NSObject+JSObjc.m"; sourceTree = "<group>"; };
		688238FF1FA6F9CA0059B96D /* NSString+JSExtension.h */ = {isa = PBXFileReference; lastKnownFileType = sourcecode.c.h; path = "NSString+JSExtension.h"; sourceTree = "<group>"; };
		688239001FA6F9CA0059B96D /* NSString+JSExtension.m */ = {isa = PBXFileReference; lastKnownFileType = sourcecode.c.objc; path = "NSString+JSExtension.m"; sourceTree = "<group>"; };
		688239031FA6F9CA0059B96D /* NSString+JSJSONSerialize.h */ = {isa = PBXFileReference; lastKnownFileType = sourcecode.c.h; path = "NSString+JSJSONSerialize.h"; sourceTree = "<group>"; };
		688239041FA6F9CA0059B96D /* NSString+JSJSONSerialize.m */ = {isa = PBXFileReference; lastKnownFileType = sourcecode.c.objc; path = "NSString+JSJSONSerialize.m"; sourceTree = "<group>"; };
		688239051FA6F9CA0059B96D /* NSString+JSPhoneVerification.h */ = {isa = PBXFileReference; lastKnownFileType = sourcecode.c.h; path = "NSString+JSPhoneVerification.h"; sourceTree = "<group>"; };
		688239061FA6F9CA0059B96D /* NSString+JSPhoneVerification.m */ = {isa = PBXFileReference; lastKnownFileType = sourcecode.c.objc; path = "NSString+JSPhoneVerification.m"; sourceTree = "<group>"; };
		688239071FA6F9CA0059B96D /* UIColor+JSExtension.h */ = {isa = PBXFileReference; lastKnownFileType = sourcecode.c.h; path = "UIColor+JSExtension.h"; sourceTree = "<group>"; };
		688239081FA6F9CA0059B96D /* UIColor+JSExtension.m */ = {isa = PBXFileReference; lastKnownFileType = sourcecode.c.objc; path = "UIColor+JSExtension.m"; sourceTree = "<group>"; };
		688239091FA6F9CA0059B96D /* UIFont+JSMicrosoftYaHeiFont.h */ = {isa = PBXFileReference; lastKnownFileType = sourcecode.c.h; path = "UIFont+JSMicrosoftYaHeiFont.h"; sourceTree = "<group>"; };
		6882390A1FA6F9CA0059B96D /* UIFont+JSMicrosoftYaHeiFont.m */ = {isa = PBXFileReference; lastKnownFileType = sourcecode.c.objc; path = "UIFont+JSMicrosoftYaHeiFont.m"; sourceTree = "<group>"; };
		6882390B1FA6F9CA0059B96D /* UIImage+JSExtension.h */ = {isa = PBXFileReference; lastKnownFileType = sourcecode.c.h; path = "UIImage+JSExtension.h"; sourceTree = "<group>"; };
		6882390C1FA6F9CA0059B96D /* UIImage+JSExtension.m */ = {isa = PBXFileReference; lastKnownFileType = sourcecode.c.objc; path = "UIImage+JSExtension.m"; sourceTree = "<group>"; };
		6882390D1FA6F9CA0059B96D /* UINavigationController+JSFullScreenPopGesture.h */ = {isa = PBXFileReference; lastKnownFileType = sourcecode.c.h; path = "UINavigationController+JSFullScreenPopGesture.h"; sourceTree = "<group>"; };
		6882390E1FA6F9CA0059B96D /* UINavigationController+JSFullScreenPopGesture.m */ = {isa = PBXFileReference; lastKnownFileType = sourcecode.c.objc; path = "UINavigationController+JSFullScreenPopGesture.m"; sourceTree = "<group>"; };
		688239111FA6F9CA0059B96D /* UIView+JSExtension.h */ = {isa = PBXFileReference; lastKnownFileType = sourcecode.c.h; path = "UIView+JSExtension.h"; sourceTree = "<group>"; };
		688239121FA6F9CA0059B96D /* UIView+JSExtension.m */ = {isa = PBXFileReference; lastKnownFileType = sourcecode.c.objc; path = "UIView+JSExtension.m"; sourceTree = "<group>"; };
		688239131FA6F9CA0059B96D /* UIView+Layout.h */ = {isa = PBXFileReference; lastKnownFileType = sourcecode.c.h; path = "UIView+Layout.h"; sourceTree = "<group>"; };
		688239141FA6F9CA0059B96D /* UIView+Layout.m */ = {isa = PBXFileReference; lastKnownFileType = sourcecode.c.objc; path = "UIView+Layout.m"; sourceTree = "<group>"; };
		688239161FA6FC3F0059B96D /* JSMasterViewController.h */ = {isa = PBXFileReference; lastKnownFileType = sourcecode.c.h; path = JSMasterViewController.h; sourceTree = "<group>"; };
		688239171FA6FC3F0059B96D /* JSMasterViewController.m */ = {isa = PBXFileReference; lastKnownFileType = sourcecode.c.objc; path = JSMasterViewController.m; sourceTree = "<group>"; };
		68ADEE6A1FA982920012B500 /* JSNavigationBar.h */ = {isa = PBXFileReference; lastKnownFileType = sourcecode.c.h; path = JSNavigationBar.h; sourceTree = "<group>"; };
		68ADEE6B1FA982920012B500 /* JSNavigationBar.m */ = {isa = PBXFileReference; lastKnownFileType = sourcecode.c.objc; path = JSNavigationBar.m; sourceTree = "<group>"; };
		68AF3E981FA31C4E00C6E455 /* Ecg2GForPad.app */ = {isa = PBXFileReference; explicitFileType = wrapper.application; includeInIndex = 0; path = Ecg2GForPad.app; sourceTree = BUILT_PRODUCTS_DIR; };
		68AF3EA91FA31C4E00C6E455 /* Info.plist */ = {isa = PBXFileReference; lastKnownFileType = text.plist.xml; path = Info.plist; sourceTree = "<group>"; };
		68AF3EB01FA31C4E00C6E455 /* Ecg2GForPadTests.xctest */ = {isa = PBXFileReference; explicitFileType = wrapper.cfbundle; includeInIndex = 0; path = Ecg2GForPadTests.xctest; sourceTree = BUILT_PRODUCTS_DIR; };
		68AF3EB41FA31C4E00C6E455 /* Ecg2GForPadTests.m */ = {isa = PBXFileReference; lastKnownFileType = sourcecode.c.objc; path = Ecg2GForPadTests.m; sourceTree = "<group>"; };
		68AF3EB61FA31C4E00C6E455 /* Info.plist */ = {isa = PBXFileReference; lastKnownFileType = text.plist.xml; path = Info.plist; sourceTree = "<group>"; };
		68AF3EBB1FA31C4E00C6E455 /* Ecg2GForPadUITests.xctest */ = {isa = PBXFileReference; explicitFileType = wrapper.cfbundle; includeInIndex = 0; path = Ecg2GForPadUITests.xctest; sourceTree = BUILT_PRODUCTS_DIR; };
		68AF3EBF1FA31C4F00C6E455 /* Ecg2GForPadUITests.m */ = {isa = PBXFileReference; lastKnownFileType = sourcecode.c.objc; path = Ecg2GForPadUITests.m; sourceTree = "<group>"; };
		68AF3EC11FA31C4F00C6E455 /* Info.plist */ = {isa = PBXFileReference; lastKnownFileType = text.plist.xml; path = Info.plist; sourceTree = "<group>"; };
		68AF3ECE1FA31FE400C6E455 /* AppDelegate.h */ = {isa = PBXFileReference; lastKnownFileType = sourcecode.c.h; path = AppDelegate.h; sourceTree = "<group>"; };
		68AF3ECF1FA31FE400C6E455 /* AppDelegate.m */ = {isa = PBXFileReference; lastKnownFileType = sourcecode.c.objc; path = AppDelegate.m; sourceTree = "<group>"; };
		68AF3ED01FA31FE400C6E455 /* Assets.xcassets */ = {isa = PBXFileReference; lastKnownFileType = folder.assetcatalog; path = Assets.xcassets; sourceTree = "<group>"; };
		68AF3ED11FA31FE400C6E455 /* main.m */ = {isa = PBXFileReference; lastKnownFileType = sourcecode.c.objc; path = main.m; sourceTree = "<group>"; };
		68AF3EDB1FA32B0300C6E455 /* Launch Screen.storyboard */ = {isa = PBXFileReference; lastKnownFileType = file.storyboard; path = "Launch Screen.storyboard"; sourceTree = "<group>"; };
		68AF3EE01FA3301500C6E455 /* PrefixHeader.pch */ = {isa = PBXFileReference; lastKnownFileType = sourcecode.c.h; path = PrefixHeader.pch; sourceTree = "<group>"; };
		68D05CCD1FA873FB0025BCF8 /* JSBaseNavigationController.m */ = {isa = PBXFileReference; fileEncoding = 4; lastKnownFileType = sourcecode.c.objc; path = JSBaseNavigationController.m; sourceTree = "<group>"; };
		68D05CCE1FA873FB0025BCF8 /* JSBaseNavigationController.h */ = {isa = PBXFileReference; fileEncoding = 4; lastKnownFileType = sourcecode.c.h; path = JSBaseNavigationController.h; sourceTree = "<group>"; };
		68D05CD01FA874C80025BCF8 /* JSBaseViewController.h */ = {isa = PBXFileReference; lastKnownFileType = sourcecode.c.h; path = JSBaseViewController.h; sourceTree = "<group>"; };
		68D05CD11FA874C80025BCF8 /* JSBaseViewController.m */ = {isa = PBXFileReference; lastKnownFileType = sourcecode.c.objc; path = JSBaseViewController.m; sourceTree = "<group>"; };
		68D05CFA1FA87DB80025BCF8 /* JSRealECGPhoneController.h */ = {isa = PBXFileReference; lastKnownFileType = sourcecode.c.h; path = JSRealECGPhoneController.h; sourceTree = "<group>"; };
		68D05CFB1FA87DB80025BCF8 /* JSRealECGPhoneController.m */ = {isa = PBXFileReference; lastKnownFileType = sourcecode.c.objc; path = JSRealECGPhoneController.m; sourceTree = "<group>"; };
		68D05CFE1FA87FE60025BCF8 /* JSBaseNavBarButtonItem.h */ = {isa = PBXFileReference; lastKnownFileType = sourcecode.c.h; path = JSBaseNavBarButtonItem.h; sourceTree = "<group>"; };
		68D05CFF1FA87FE60025BCF8 /* JSBaseNavBarButtonItem.m */ = {isa = PBXFileReference; lastKnownFileType = sourcecode.c.objc; path = JSBaseNavBarButtonItem.m; sourceTree = "<group>"; };
		68E9B8CD1FA7030400C73FFB /* JSDetailViewController.h */ = {isa = PBXFileReference; lastKnownFileType = sourcecode.c.h; path = JSDetailViewController.h; sourceTree = "<group>"; };
		68E9B8CE1FA7030400C73FFB /* JSDetailViewController.m */ = {isa = PBXFileReference; lastKnownFileType = sourcecode.c.objc; path = JSDetailViewController.m; sourceTree = "<group>"; };
		91EF720D8C1ADA513032A83A /* Pods-Ecg2GForPadUITests.debug.xcconfig */ = {isa = PBXFileReference; includeInIndex = 1; lastKnownFileType = text.xcconfig; name = "Pods-Ecg2GForPadUITests.debug.xcconfig"; path = "Pods/Target Support Files/Pods-Ecg2GForPadUITests/Pods-Ecg2GForPadUITests.debug.xcconfig"; sourceTree = "<group>"; };
		BFA44A20FF3749AFD5D9826C /* Pods-Ecg2GForPadUITests.release.xcconfig */ = {isa = PBXFileReference; includeInIndex = 1; lastKnownFileType = text.xcconfig; name = "Pods-Ecg2GForPadUITests.release.xcconfig"; path = "Pods/Target Support Files/Pods-Ecg2GForPadUITests/Pods-Ecg2GForPadUITests.release.xcconfig"; sourceTree = "<group>"; };
		C158C1F7B8B312C4067B554E /* libPods-Ecg2GForPadUITests.a */ = {isa = PBXFileReference; explicitFileType = archive.ar; includeInIndex = 0; path = "libPods-Ecg2GForPadUITests.a"; sourceTree = BUILT_PRODUCTS_DIR; };
		EEC438D74448960F58DF61F6 /* libPods-Ecg2GForPadTests.a */ = {isa = PBXFileReference; explicitFileType = archive.ar; includeInIndex = 0; path = "libPods-Ecg2GForPadTests.a"; sourceTree = BUILT_PRODUCTS_DIR; };
/* End PBXFileReference section */

/* Begin PBXFrameworksBuildPhase section */
		68AF3E951FA31C4E00C6E455 /* Frameworks */ = {
			isa = PBXFrameworksBuildPhase;
			buildActionMask = 2147483647;
			files = (
				2D3D2ECA1EF0C1C16D457626 /* libPods-Ecg2GForPad.a in Frameworks */,
			);
			runOnlyForDeploymentPostprocessing = 0;
		};
		68AF3EAD1FA31C4E00C6E455 /* Frameworks */ = {
			isa = PBXFrameworksBuildPhase;
			buildActionMask = 2147483647;
			files = (
				72DEEC0D39818DFDEA8BDDD3 /* libPods-Ecg2GForPadTests.a in Frameworks */,
			);
			runOnlyForDeploymentPostprocessing = 0;
		};
		68AF3EB81FA31C4E00C6E455 /* Frameworks */ = {
			isa = PBXFrameworksBuildPhase;
			buildActionMask = 2147483647;
			files = (
				8F8F624B4214DE21E457CB1E /* libPods-Ecg2GForPadUITests.a in Frameworks */,
			);
			runOnlyForDeploymentPostprocessing = 0;
		};
/* End PBXFrameworksBuildPhase section */

/* Begin PBXGroup section */
		08FFFDBDDD086D2F3751264E /* Pods */ = {
			isa = PBXGroup;
			children = (
				51B4172C42F22114A5C8FB2D /* Pods-Ecg2GForPad.debug.xcconfig */,
				4C78EF4B8835CC0D47F6D725 /* Pods-Ecg2GForPad.release.xcconfig */,
				336E2333F73090A05A4EF608 /* Pods-Ecg2GForPadTests.debug.xcconfig */,
				454EEA78072255482F65ABD4 /* Pods-Ecg2GForPadTests.release.xcconfig */,
				91EF720D8C1ADA513032A83A /* Pods-Ecg2GForPadUITests.debug.xcconfig */,
				BFA44A20FF3749AFD5D9826C /* Pods-Ecg2GForPadUITests.release.xcconfig */,
			);
			name = Pods;
			sourceTree = "<group>";
		};
		5D948D3C3CB40D81F76B9192 /* Frameworks */ = {
			isa = PBXGroup;
			children = (
				343704CFE8F7DC04D38641E3 /* libPods-Ecg2GForPad.a */,
				EEC438D74448960F58DF61F6 /* libPods-Ecg2GForPadTests.a */,
				C158C1F7B8B312C4067B554E /* libPods-Ecg2GForPadUITests.a */,
			);
			name = Frameworks;
			sourceTree = "<group>";
		};
		688238E81FA6F8C50059B96D /* Main_iPhone */ = {
			isa = PBXGroup;
			children = (
				68D05CCE1FA873FB0025BCF8 /* JSBaseNavigationController.h */,
				68D05CCD1FA873FB0025BCF8 /* JSBaseNavigationController.m */,
				688238EC1FA6F8E80059B96D /* JSTabBarController.h */,
				688238ED1FA6F8E80059B96D /* JSTabBarController.m */,
				68D05CD01FA874C80025BCF8 /* JSBaseViewController.h */,
				68D05CD11FA874C80025BCF8 /* JSBaseViewController.m */,
			);
			path = Main_iPhone;
			sourceTree = "<group>";
		};
		688238E91FA6F8C50059B96D /* Main_iPad */ = {
			isa = PBXGroup;
			children = (
				688238EA1FA6F8C50059B96D /* JSSplitController.h */,
				688238EB1FA6F8C50059B96D /* JSSplitController.m */,
				688239161FA6FC3F0059B96D /* JSMasterViewController.h */,
				688239171FA6FC3F0059B96D /* JSMasterViewController.m */,
				68E9B8CD1FA7030400C73FFB /* JSDetailViewController.h */,
				68E9B8CE1FA7030400C73FFB /* JSDetailViewController.m */,
			);
			path = Main_iPad;
			sourceTree = "<group>";
		};
		688238EF1FA6F9A40059B96D /* CommonTools */ = {
			isa = PBXGroup;
			children = (
				688238F01FA6F9CA0059B96D /* Extension */,
			);
			path = CommonTools;
			sourceTree = "<group>";
		};
		688238F01FA6F9CA0059B96D /* Extension */ = {
			isa = PBXGroup;
			children = (
				688238F11FA6F9CA0059B96D /* CALayer+Layout.h */,
				688238F21FA6F9CA0059B96D /* CALayer+Layout.m */,
				688238F31FA6F9CA0059B96D /* JSDateFormatter.h */,
				688238F41FA6F9CA0059B96D /* JSDateFormatter.m */,
				688238F51FA6F9CA0059B96D /* JSJsonSerializationTool.h */,
				688238F61FA6F9CA0059B96D /* JSJsonSerializationTool.m */,
				688238F91FA6F9CA0059B96D /* NSArray+JSLog.h */,
				688238FA1FA6F9CA0059B96D /* NSArray+JSLog.m */,
				688238FB1FA6F9CA0059B96D /* NSDate+JSCompare.h */,
				688238FC1FA6F9CA0059B96D /* NSDate+JSCompare.m */,
				688238FD1FA6F9CA0059B96D /* NSObject+JSObjc.h */,
				688238FE1FA6F9CA0059B96D /* NSObject+JSObjc.m */,
				688238FF1FA6F9CA0059B96D /* NSString+JSExtension.h */,
				688239001FA6F9CA0059B96D /* NSString+JSExtension.m */,
				688239031FA6F9CA0059B96D /* NSString+JSJSONSerialize.h */,
				688239041FA6F9CA0059B96D /* NSString+JSJSONSerialize.m */,
				688239051FA6F9CA0059B96D /* NSString+JSPhoneVerification.h */,
				688239061FA6F9CA0059B96D /* NSString+JSPhoneVerification.m */,
				688239071FA6F9CA0059B96D /* UIColor+JSExtension.h */,
				688239081FA6F9CA0059B96D /* UIColor+JSExtension.m */,
				688239091FA6F9CA0059B96D /* UIFont+JSMicrosoftYaHeiFont.h */,
				6882390A1FA6F9CA0059B96D /* UIFont+JSMicrosoftYaHeiFont.m */,
				6882390B1FA6F9CA0059B96D /* UIImage+JSExtension.h */,
				6882390C1FA6F9CA0059B96D /* UIImage+JSExtension.m */,
				6882390D1FA6F9CA0059B96D /* UINavigationController+JSFullScreenPopGesture.h */,
				6882390E1FA6F9CA0059B96D /* UINavigationController+JSFullScreenPopGesture.m */,
				688239111FA6F9CA0059B96D /* UIView+JSExtension.h */,
				688239121FA6F9CA0059B96D /* UIView+JSExtension.m */,
				688239131FA6F9CA0059B96D /* UIView+Layout.h */,
				688239141FA6F9CA0059B96D /* UIView+Layout.m */,
			);
			path = Extension;
			sourceTree = "<group>";
		};
		68A3F9981FB0103F008D75D6 /* Views_iPad */ = {
			isa = PBXGroup;
			children = (
			);
			path = Views_iPad;
			sourceTree = "<group>";
		};
		68AF3E8F1FA31C4E00C6E455 = {
			isa = PBXGroup;
			children = (
				68AF3E9A1FA31C4E00C6E455 /* Ecg2GForPad */,
				68AF3EB31FA31C4E00C6E455 /* Ecg2GForPadTests */,
				68AF3EBE1FA31C4E00C6E455 /* Ecg2GForPadUITests */,
				68AF3E991FA31C4E00C6E455 /* Products */,
				08FFFDBDDD086D2F3751264E /* Pods */,
				5D948D3C3CB40D81F76B9192 /* Frameworks */,
			);
			sourceTree = "<group>";
		};
		68AF3E991FA31C4E00C6E455 /* Products */ = {
			isa = PBXGroup;
			children = (
				68AF3E981FA31C4E00C6E455 /* Ecg2GForPad.app */,
				68AF3EB01FA31C4E00C6E455 /* Ecg2GForPadTests.xctest */,
				68AF3EBB1FA31C4E00C6E455 /* Ecg2GForPadUITests.xctest */,
			);
			name = Products;
			sourceTree = "<group>";
		};
		68AF3E9A1FA31C4E00C6E455 /* Ecg2GForPad */ = {
			isa = PBXGroup;
			children = (
				688238EF1FA6F9A40059B96D /* CommonTools */,
				F702E4E11FA4D73F008723AA /* Classes */,
				68AF3ECD1FA31FE400C6E455 /* SupportingFiles */,
			);
			path = Ecg2GForPad;
			sourceTree = "<group>";
		};
		68AF3EB31FA31C4E00C6E455 /* Ecg2GForPadTests */ = {
			isa = PBXGroup;
			children = (
				68AF3EB41FA31C4E00C6E455 /* Ecg2GForPadTests.m */,
				68AF3EB61FA31C4E00C6E455 /* Info.plist */,
			);
			path = Ecg2GForPadTests;
			sourceTree = "<group>";
		};
		68AF3EBE1FA31C4E00C6E455 /* Ecg2GForPadUITests */ = {
			isa = PBXGroup;
			children = (
				68AF3EBF1FA31C4F00C6E455 /* Ecg2GForPadUITests.m */,
				68AF3EC11FA31C4F00C6E455 /* Info.plist */,
			);
			path = Ecg2GForPadUITests;
			sourceTree = "<group>";
		};
		68AF3ECD1FA31FE400C6E455 /* SupportingFiles */ = {
			isa = PBXGroup;
			children = (
				68AF3EA91FA31C4E00C6E455 /* Info.plist */,
				68AF3EE01FA3301500C6E455 /* PrefixHeader.pch */,
				68AF3ECE1FA31FE400C6E455 /* AppDelegate.h */,
				68AF3ECF1FA31FE400C6E455 /* AppDelegate.m */,
				68AF3EDB1FA32B0300C6E455 /* Launch Screen.storyboard */,
				68AF3ED01FA31FE400C6E455 /* Assets.xcassets */,
				68AF3ED11FA31FE400C6E455 /* main.m */,
			);
			path = SupportingFiles;
			sourceTree = "<group>";
		};
		68D05CF31FA87C580025BCF8 /* RealECG(实时心电) */ = {
			isa = PBXGroup;
			children = (
				68D05CF41FA87C580025BCF8 /* Controllers */,
				68D05CF51FA87C580025BCF8 /* Models */,
				68D05CF61FA87C580025BCF8 /* Views */,
			);
			path = "RealECG(实时心电)";
			sourceTree = "<group>";
		};
		68D05CF41FA87C580025BCF8 /* Controllers */ = {
			isa = PBXGroup;
			children = (
				68D05CF81FA87CA60025BCF8 /* RealECG_iPad */,
				68D05CF91FA87CA60025BCF8 /* RealECG_iPhone */,
				68D05CF71FA87CA60025BCF8 /* RealECG_universal */,
			);
			path = Controllers;
			sourceTree = "<group>";
		};
		68D05CF51FA87C580025BCF8 /* Models */ = {
			isa = PBXGroup;
			children = (
			);
			path = Models;
			sourceTree = "<group>";
		};
		68D05CF61FA87C580025BCF8 /* Views */ = {
			isa = PBXGroup;
			children = (
			);
			path = Views;
			sourceTree = "<group>";
		};
		68D05CF71FA87CA60025BCF8 /* RealECG_universal */ = {
			isa = PBXGroup;
			children = (
			);
			path = RealECG_universal;
			sourceTree = "<group>";
		};
		68D05CF81FA87CA60025BCF8 /* RealECG_iPad */ = {
			isa = PBXGroup;
			children = (
			);
			path = RealECG_iPad;
			sourceTree = "<group>";
		};
		68D05CF91FA87CA60025BCF8 /* RealECG_iPhone */ = {
			isa = PBXGroup;
			children = (
				68D05CFA1FA87DB80025BCF8 /* JSRealECGPhoneController.h */,
				68D05CFB1FA87DB80025BCF8 /* JSRealECGPhoneController.m */,
			);
			path = RealECG_iPhone;
			sourceTree = "<group>";
		};
		68D05CFD1FA87FE60025BCF8 /* Views_iPhone */ = {
			isa = PBXGroup;
			children = (
				68ADEE6A1FA982920012B500 /* JSNavigationBar.h */,
				68ADEE6B1FA982920012B500 /* JSNavigationBar.m */,
				68D05CFE1FA87FE60025BCF8 /* JSBaseNavBarButtonItem.h */,
				68D05CFF1FA87FE60025BCF8 /* JSBaseNavBarButtonItem.m */,
			);
			path = Views_iPhone;
			sourceTree = "<group>";
		};
		68FCA8561FA809EC00AC22A4 /* Main_universal */ = {
			isa = PBXGroup;
			children = (
			);
			path = Main_universal;
			sourceTree = "<group>";
		};
		F702E4E11FA4D73F008723AA /* Classes */ = {
			isa = PBXGroup;
			children = (
				F702E4E61FA4D73F008723AA /* Main */,
				68D05CF31FA87C580025BCF8 /* RealECG(实时心电) */,
				F702E4E21FA4D73F008723AA /* Copy */,
			);
			path = Classes;
			sourceTree = "<group>";
		};
		F702E4E21FA4D73F008723AA /* Copy */ = {
			isa = PBXGroup;
			children = (
				F702E4E31FA4D73F008723AA /* Controllers */,
				F702E4E41FA4D73F008723AA /* Models */,
				F702E4E51FA4D73F008723AA /* Views */,
			);
			path = Copy;
			sourceTree = "<group>";
		};
		F702E4E31FA4D73F008723AA /* Controllers */ = {
			isa = PBXGroup;
			children = (
			);
			path = Controllers;
			sourceTree = "<group>";
		};
		F702E4E41FA4D73F008723AA /* Models */ = {
			isa = PBXGroup;
			children = (
			);
			path = Models;
			sourceTree = "<group>";
		};
		F702E4E51FA4D73F008723AA /* Views */ = {
			isa = PBXGroup;
			children = (
			);
			path = Views;
			sourceTree = "<group>";
		};
		F702E4E61FA4D73F008723AA /* Main */ = {
			isa = PBXGroup;
			children = (
				F702E4E71FA4D73F008723AA /* Controllers */,
				F702E4E81FA4D73F008723AA /* Models */,
				F702E4E91FA4D73F008723AA /* Views */,
			);
			path = Main;
			sourceTree = "<group>";
		};
		F702E4E71FA4D73F008723AA /* Controllers */ = {
			isa = PBXGroup;
			children = (
				68FCA8561FA809EC00AC22A4 /* Main_universal */,
				688238E91FA6F8C50059B96D /* Main_iPad */,
				688238E81FA6F8C50059B96D /* Main_iPhone */,
			);
			path = Controllers;
			sourceTree = "<group>";
		};
		F702E4E81FA4D73F008723AA /* Models */ = {
			isa = PBXGroup;
			children = (
			);
			path = Models;
			sourceTree = "<group>";
		};
		F702E4E91FA4D73F008723AA /* Views */ = {
			isa = PBXGroup;
			children = (
				68A3F9981FB0103F008D75D6 /* Views_iPad */,
				68D05CFD1FA87FE60025BCF8 /* Views_iPhone */,
			);
			path = Views;
			sourceTree = "<group>";
		};
/* End PBXGroup section */

/* Begin PBXNativeTarget section */
		68AF3E971FA31C4E00C6E455 /* Ecg2GForPad */ = {
			isa = PBXNativeTarget;
			buildConfigurationList = 68AF3EC41FA31C4F00C6E455 /* Build configuration list for PBXNativeTarget "Ecg2GForPad" */;
			buildPhases = (
				160851321D36FA780FDCA35C /* [CP] Check Pods Manifest.lock */,
				68AF3E941FA31C4E00C6E455 /* Sources */,
				68AF3E951FA31C4E00C6E455 /* Frameworks */,
				68AF3E961FA31C4E00C6E455 /* Resources */,
				B87A34EC30AFEEDC711B837A /* [CP] Embed Pods Frameworks */,
				FA323449EAD780CF887D3499 /* [CP] Copy Pods Resources */,
			);
			buildRules = (
			);
			dependencies = (
			);
			name = Ecg2GForPad;
			productName = Ecg2GForPad;
			productReference = 68AF3E981FA31C4E00C6E455 /* Ecg2GForPad.app */;
			productType = "com.apple.product-type.application";
		};
		68AF3EAF1FA31C4E00C6E455 /* Ecg2GForPadTests */ = {
			isa = PBXNativeTarget;
			buildConfigurationList = 68AF3EC71FA31C4F00C6E455 /* Build configuration list for PBXNativeTarget "Ecg2GForPadTests" */;
			buildPhases = (
				FA94B0A6BB82D945FDFAF7D6 /* [CP] Check Pods Manifest.lock */,
				68AF3EAC1FA31C4E00C6E455 /* Sources */,
				68AF3EAD1FA31C4E00C6E455 /* Frameworks */,
				68AF3EAE1FA31C4E00C6E455 /* Resources */,
				3DFA62573E110CFE53B86CF3 /* [CP] Embed Pods Frameworks */,
				7DC315D19C921BF07386FEC7 /* [CP] Copy Pods Resources */,
			);
			buildRules = (
			);
			dependencies = (
				68AF3EB21FA31C4E00C6E455 /* PBXTargetDependency */,
			);
			name = Ecg2GForPadTests;
			productName = Ecg2GForPadTests;
			productReference = 68AF3EB01FA31C4E00C6E455 /* Ecg2GForPadTests.xctest */;
			productType = "com.apple.product-type.bundle.unit-test";
		};
		68AF3EBA1FA31C4E00C6E455 /* Ecg2GForPadUITests */ = {
			isa = PBXNativeTarget;
			buildConfigurationList = 68AF3ECA1FA31C4F00C6E455 /* Build configuration list for PBXNativeTarget "Ecg2GForPadUITests" */;
			buildPhases = (
				4494DD5B5D592C1109CB3C1B /* [CP] Check Pods Manifest.lock */,
				68AF3EB71FA31C4E00C6E455 /* Sources */,
				68AF3EB81FA31C4E00C6E455 /* Frameworks */,
				68AF3EB91FA31C4E00C6E455 /* Resources */,
				4661AAFB23C160F59538750C /* [CP] Embed Pods Frameworks */,
				A02EF5437D43A559CAAA80AB /* [CP] Copy Pods Resources */,
			);
			buildRules = (
			);
			dependencies = (
				68AF3EBD1FA31C4E00C6E455 /* PBXTargetDependency */,
			);
			name = Ecg2GForPadUITests;
			productName = Ecg2GForPadUITests;
			productReference = 68AF3EBB1FA31C4E00C6E455 /* Ecg2GForPadUITests.xctest */;
			productType = "com.apple.product-type.bundle.ui-testing";
		};
/* End PBXNativeTarget section */

/* Begin PBXProject section */
		68AF3E901FA31C4E00C6E455 /* Project object */ = {
			isa = PBXProject;
			attributes = {
				LastUpgradeCheck = 0900;
				ORGANIZATIONNAME = Auko;
				TargetAttributes = {
					68AF3E971FA31C4E00C6E455 = {
						CreatedOnToolsVersion = 9.0;
						ProvisioningStyle = Automatic;
					};
					68AF3EAF1FA31C4E00C6E455 = {
						CreatedOnToolsVersion = 9.0;
						ProvisioningStyle = Automatic;
						TestTargetID = 68AF3E971FA31C4E00C6E455;
					};
					68AF3EBA1FA31C4E00C6E455 = {
						CreatedOnToolsVersion = 9.0;
						ProvisioningStyle = Automatic;
						TestTargetID = 68AF3E971FA31C4E00C6E455;
					};
				};
			};
			buildConfigurationList = 68AF3E931FA31C4E00C6E455 /* Build configuration list for PBXProject "Ecg2GForPad" */;
			compatibilityVersion = "Xcode 8.0";
			developmentRegion = en;
			hasScannedForEncodings = 0;
			knownRegions = (
				en,
				Base,
			);
			mainGroup = 68AF3E8F1FA31C4E00C6E455;
			productRefGroup = 68AF3E991FA31C4E00C6E455 /* Products */;
			projectDirPath = "";
			projectRoot = "";
			targets = (
				68AF3E971FA31C4E00C6E455 /* Ecg2GForPad */,
				68AF3EAF1FA31C4E00C6E455 /* Ecg2GForPadTests */,
				68AF3EBA1FA31C4E00C6E455 /* Ecg2GForPadUITests */,
			);
		};
/* End PBXProject section */

/* Begin PBXResourcesBuildPhase section */
		68AF3E961FA31C4E00C6E455 /* Resources */ = {
			isa = PBXResourcesBuildPhase;
			buildActionMask = 2147483647;
			files = (
				68AF3EDC1FA32B0300C6E455 /* Launch Screen.storyboard in Resources */,
			);
			runOnlyForDeploymentPostprocessing = 0;
		};
		68AF3EAE1FA31C4E00C6E455 /* Resources */ = {
			isa = PBXResourcesBuildPhase;
			buildActionMask = 2147483647;
			files = (
			);
			runOnlyForDeploymentPostprocessing = 0;
		};
		68AF3EB91FA31C4E00C6E455 /* Resources */ = {
			isa = PBXResourcesBuildPhase;
			buildActionMask = 2147483647;
			files = (
			);
			runOnlyForDeploymentPostprocessing = 0;
		};
/* End PBXResourcesBuildPhase section */

/* Begin PBXShellScriptBuildPhase section */
		160851321D36FA780FDCA35C /* [CP] Check Pods Manifest.lock */ = {
			isa = PBXShellScriptBuildPhase;
			buildActionMask = 2147483647;
			files = (
			);
			inputPaths = (
			);
			name = "[CP] Check Pods Manifest.lock";
			outputPaths = (
			);
			runOnlyForDeploymentPostprocessing = 0;
			shellPath = /bin/sh;
			shellScript = "diff \"${PODS_ROOT}/../Podfile.lock\" \"${PODS_ROOT}/Manifest.lock\" > /dev/null\nif [ $? != 0 ] ; then\n    # print error to STDERR\n    echo \"error: The sandbox is not in sync with the Podfile.lock. Run 'pod install' or update your CocoaPods installation.\" >&2\n    exit 1\nfi\n";
			showEnvVarsInLog = 0;
		};
		3DFA62573E110CFE53B86CF3 /* [CP] Embed Pods Frameworks */ = {
			isa = PBXShellScriptBuildPhase;
			buildActionMask = 2147483647;
			files = (
			);
			inputPaths = (
			);
			name = "[CP] Embed Pods Frameworks";
			outputPaths = (
			);
			runOnlyForDeploymentPostprocessing = 0;
			shellPath = /bin/sh;
			shellScript = "\"${SRCROOT}/Pods/Target Support Files/Pods-Ecg2GForPadTests/Pods-Ecg2GForPadTests-frameworks.sh\"\n";
			showEnvVarsInLog = 0;
		};
		4494DD5B5D592C1109CB3C1B /* [CP] Check Pods Manifest.lock */ = {
			isa = PBXShellScriptBuildPhase;
			buildActionMask = 2147483647;
			files = (
			);
			inputPaths = (
			);
			name = "[CP] Check Pods Manifest.lock";
			outputPaths = (
			);
			runOnlyForDeploymentPostprocessing = 0;
			shellPath = /bin/sh;
			shellScript = "diff \"${PODS_ROOT}/../Podfile.lock\" \"${PODS_ROOT}/Manifest.lock\" > /dev/null\nif [ $? != 0 ] ; then\n    # print error to STDERR\n    echo \"error: The sandbox is not in sync with the Podfile.lock. Run 'pod install' or update your CocoaPods installation.\" >&2\n    exit 1\nfi\n";
			showEnvVarsInLog = 0;
		};
		4661AAFB23C160F59538750C /* [CP] Embed Pods Frameworks */ = {
			isa = PBXShellScriptBuildPhase;
			buildActionMask = 2147483647;
			files = (
			);
			inputPaths = (
			);
			name = "[CP] Embed Pods Frameworks";
			outputPaths = (
			);
			runOnlyForDeploymentPostprocessing = 0;
			shellPath = /bin/sh;
			shellScript = "\"${SRCROOT}/Pods/Target Support Files/Pods-Ecg2GForPadUITests/Pods-Ecg2GForPadUITests-frameworks.sh\"\n";
			showEnvVarsInLog = 0;
		};
		7DC315D19C921BF07386FEC7 /* [CP] Copy Pods Resources */ = {
			isa = PBXShellScriptBuildPhase;
			buildActionMask = 2147483647;
			files = (
			);
			inputPaths = (
			);
			name = "[CP] Copy Pods Resources";
			outputPaths = (
			);
			runOnlyForDeploymentPostprocessing = 0;
			shellPath = /bin/sh;
			shellScript = "\"${SRCROOT}/Pods/Target Support Files/Pods-Ecg2GForPadTests/Pods-Ecg2GForPadTests-resources.sh\"\n";
			showEnvVarsInLog = 0;
		};
		A02EF5437D43A559CAAA80AB /* [CP] Copy Pods Resources */ = {
			isa = PBXShellScriptBuildPhase;
			buildActionMask = 2147483647;
			files = (
			);
			inputPaths = (
			);
			name = "[CP] Copy Pods Resources";
			outputPaths = (
			);
			runOnlyForDeploymentPostprocessing = 0;
			shellPath = /bin/sh;
			shellScript = "\"${SRCROOT}/Pods/Target Support Files/Pods-Ecg2GForPadUITests/Pods-Ecg2GForPadUITests-resources.sh\"\n";
			showEnvVarsInLog = 0;
		};
		B87A34EC30AFEEDC711B837A /* [CP] Embed Pods Frameworks */ = {
			isa = PBXShellScriptBuildPhase;
			buildActionMask = 2147483647;
			files = (
			);
			inputPaths = (
			);
			name = "[CP] Embed Pods Frameworks";
			outputPaths = (
			);
			runOnlyForDeploymentPostprocessing = 0;
			shellPath = /bin/sh;
			shellScript = "\"${SRCROOT}/Pods/Target Support Files/Pods-Ecg2GForPad/Pods-Ecg2GForPad-frameworks.sh\"\n";
			showEnvVarsInLog = 0;
		};
		FA323449EAD780CF887D3499 /* [CP] Copy Pods Resources */ = {
			isa = PBXShellScriptBuildPhase;
			buildActionMask = 2147483647;
			files = (
			);
			inputPaths = (
			);
			name = "[CP] Copy Pods Resources";
			outputPaths = (
			);
			runOnlyForDeploymentPostprocessing = 0;
			shellPath = /bin/sh;
			shellScript = "\"${SRCROOT}/Pods/Target Support Files/Pods-Ecg2GForPad/Pods-Ecg2GForPad-resources.sh\"\n";
			showEnvVarsInLog = 0;
		};
		FA94B0A6BB82D945FDFAF7D6 /* [CP] Check Pods Manifest.lock */ = {
			isa = PBXShellScriptBuildPhase;
			buildActionMask = 2147483647;
			files = (
			);
			inputPaths = (
			);
			name = "[CP] Check Pods Manifest.lock";
			outputPaths = (
			);
			runOnlyForDeploymentPostprocessing = 0;
			shellPath = /bin/sh;
			shellScript = "diff \"${PODS_ROOT}/../Podfile.lock\" \"${PODS_ROOT}/Manifest.lock\" > /dev/null\nif [ $? != 0 ] ; then\n    # print error to STDERR\n    echo \"error: The sandbox is not in sync with the Podfile.lock. Run 'pod install' or update your CocoaPods installation.\" >&2\n    exit 1\nfi\n";
			showEnvVarsInLog = 0;
		};
/* End PBXShellScriptBuildPhase section */

/* Begin PBXSourcesBuildPhase section */
		68AF3E941FA31C4E00C6E455 /* Sources */ = {
			isa = PBXSourcesBuildPhase;
			buildActionMask = 2147483647;
			files = (
				68ADEE6C1FA994430012B500 /* JSNavigationBar.m in Sources */,
				68E9B8E21FA70DFE00C73FFB /* NSString+JSJSONSerialize.m in Sources */,
				68E9B8E11FA70DF900C73FFB /* UIFont+JSMicrosoftYaHeiFont.m in Sources */,
				68E9B8DF1FA70DF100C73FFB /* NSString+JSExtension.m in Sources */,
				68E9B8DD1FA70DE300C73FFB /* UIImage+JSExtension.m in Sources */,
				68E9B8DB1FA70DDA00C73FFB /* UINavigationController+JSFullScreenPopGesture.m in Sources */,
				68E9B8DA1FA70DD600C73FFB /* NSString+JSPhoneVerification.m in Sources */,
				68E9B8D91FA70DD200C73FFB /* NSObject+JSObjc.m in Sources */,
				68E9B8D81FA70DCF00C73FFB /* UIView+JSExtension.m in Sources */,
				68E9B8D71FA70DCA00C73FFB /* UIView+Layout.m in Sources */,
				68E9B8D61FA70DC400C73FFB /* NSDate+JSCompare.m in Sources */,
				68E9B8D51FA70DC000C73FFB /* NSArray+JSLog.m in Sources */,
				68E9B8D31FA70DB900C73FFB /* JSJsonSerializationTool.m in Sources */,
				68E9B8D21FA70DB500C73FFB /* JSDateFormatter.m in Sources */,
				68E9B8D11FA70DB200C73FFB /* CALayer+Layout.m in Sources */,
				68E9B8D01FA70CC100C73FFB /* UIColor+JSExtension.m in Sources */,
				688239151FA6FB800059B96D /* JSSplitController.m in Sources */,
				688238EE1FA6F8E80059B96D /* JSTabBarController.m in Sources */,
				68D05CD21FA874C80025BCF8 /* JSBaseViewController.m in Sources */,
				68E9B8CF1FA7030400C73FFB /* JSDetailViewController.m in Sources */,
				68D05CFC1FA87DB80025BCF8 /* JSRealECGPhoneController.m in Sources */,
				68AF3EDF1FA32DF200C6E455 /* main.m in Sources */,
				68AF3EDE1FA32DEE00C6E455 /* AppDelegate.m in Sources */,
				688239181FA6FC3F0059B96D /* JSMasterViewController.m in Sources */,
				68D05CCF1FA873FB0025BCF8 /* JSBaseNavigationController.m in Sources */,
			);
			runOnlyForDeploymentPostprocessing = 0;
		};
		68AF3EAC1FA31C4E00C6E455 /* Sources */ = {
			isa = PBXSourcesBuildPhase;
			buildActionMask = 2147483647;
			files = (
				68AF3EB51FA31C4E00C6E455 /* Ecg2GForPadTests.m in Sources */,
			);
			runOnlyForDeploymentPostprocessing = 0;
		};
		68AF3EB71FA31C4E00C6E455 /* Sources */ = {
			isa = PBXSourcesBuildPhase;
			buildActionMask = 2147483647;
			files = (
				68AF3EC01FA31C4F00C6E455 /* Ecg2GForPadUITests.m in Sources */,
			);
			runOnlyForDeploymentPostprocessing = 0;
		};
/* End PBXSourcesBuildPhase section */

/* Begin PBXTargetDependency section */
		68AF3EB21FA31C4E00C6E455 /* PBXTargetDependency */ = {
			isa = PBXTargetDependency;
			target = 68AF3E971FA31C4E00C6E455 /* Ecg2GForPad */;
			targetProxy = 68AF3EB11FA31C4E00C6E455 /* PBXContainerItemProxy */;
		};
		68AF3EBD1FA31C4E00C6E455 /* PBXTargetDependency */ = {
			isa = PBXTargetDependency;
			target = 68AF3E971FA31C4E00C6E455 /* Ecg2GForPad */;
			targetProxy = 68AF3EBC1FA31C4E00C6E455 /* PBXContainerItemProxy */;
		};
/* End PBXTargetDependency section */

/* Begin XCBuildConfiguration section */
		68AF3EC21FA31C4F00C6E455 /* Debug */ = {
			isa = XCBuildConfiguration;
			buildSettings = {
				ALWAYS_SEARCH_USER_PATHS = NO;
				CLANG_ANALYZER_NONNULL = YES;
				CLANG_ANALYZER_NUMBER_OBJECT_CONVERSION = YES_AGGRESSIVE;
				CLANG_CXX_LANGUAGE_STANDARD = "gnu++14";
				CLANG_CXX_LIBRARY = "libc++";
				CLANG_ENABLE_MODULES = YES;
				CLANG_ENABLE_OBJC_ARC = YES;
				CLANG_WARN_BLOCK_CAPTURE_AUTORELEASING = YES;
				CLANG_WARN_BOOL_CONVERSION = YES;
				CLANG_WARN_COMMA = YES;
				CLANG_WARN_CONSTANT_CONVERSION = YES;
				CLANG_WARN_DIRECT_OBJC_ISA_USAGE = YES_ERROR;
				CLANG_WARN_DOCUMENTATION_COMMENTS = YES;
				CLANG_WARN_EMPTY_BODY = YES;
				CLANG_WARN_ENUM_CONVERSION = YES;
				CLANG_WARN_INFINITE_RECURSION = YES;
				CLANG_WARN_INT_CONVERSION = YES;
				CLANG_WARN_NON_LITERAL_NULL_CONVERSION = YES;
				CLANG_WARN_OBJC_LITERAL_CONVERSION = YES;
				CLANG_WARN_OBJC_ROOT_CLASS = YES_ERROR;
				CLANG_WARN_RANGE_LOOP_ANALYSIS = YES;
				CLANG_WARN_STRICT_PROTOTYPES = YES;
				CLANG_WARN_SUSPICIOUS_MOVE = YES;
				CLANG_WARN_UNGUARDED_AVAILABILITY = YES_AGGRESSIVE;
				CLANG_WARN_UNREACHABLE_CODE = YES;
				CLANG_WARN__DUPLICATE_METHOD_MATCH = YES;
				CODE_SIGN_IDENTITY = "iPhone Developer";
				COPY_PHASE_STRIP = NO;
				DEBUG_INFORMATION_FORMAT = dwarf;
				ENABLE_STRICT_OBJC_MSGSEND = YES;
				ENABLE_TESTABILITY = YES;
				GCC_C_LANGUAGE_STANDARD = gnu11;
				GCC_DYNAMIC_NO_PIC = NO;
				GCC_NO_COMMON_BLOCKS = YES;
				GCC_OPTIMIZATION_LEVEL = 0;
				GCC_PREPROCESSOR_DEFINITIONS = (
					"DEBUG=1",
					"$(inherited)",
				);
				GCC_WARN_64_TO_32_BIT_CONVERSION = YES;
				GCC_WARN_ABOUT_RETURN_TYPE = YES_ERROR;
				GCC_WARN_UNDECLARED_SELECTOR = YES;
				GCC_WARN_UNINITIALIZED_AUTOS = YES_AGGRESSIVE;
				GCC_WARN_UNUSED_FUNCTION = YES;
				GCC_WARN_UNUSED_VARIABLE = YES;
				IPHONEOS_DEPLOYMENT_TARGET = 11.0;
				MTL_ENABLE_DEBUG_INFO = YES;
				ONLY_ACTIVE_ARCH = YES;
				SDKROOT = iphoneos;
			};
			name = Debug;
		};
		68AF3EC31FA31C4F00C6E455 /* Release */ = {
			isa = XCBuildConfiguration;
			buildSettings = {
				ALWAYS_SEARCH_USER_PATHS = NO;
				CLANG_ANALYZER_NONNULL = YES;
				CLANG_ANALYZER_NUMBER_OBJECT_CONVERSION = YES_AGGRESSIVE;
				CLANG_CXX_LANGUAGE_STANDARD = "gnu++14";
				CLANG_CXX_LIBRARY = "libc++";
				CLANG_ENABLE_MODULES = YES;
				CLANG_ENABLE_OBJC_ARC = YES;
				CLANG_WARN_BLOCK_CAPTURE_AUTORELEASING = YES;
				CLANG_WARN_BOOL_CONVERSION = YES;
				CLANG_WARN_COMMA = YES;
				CLANG_WARN_CONSTANT_CONVERSION = YES;
				CLANG_WARN_DIRECT_OBJC_ISA_USAGE = YES_ERROR;
				CLANG_WARN_DOCUMENTATION_COMMENTS = YES;
				CLANG_WARN_EMPTY_BODY = YES;
				CLANG_WARN_ENUM_CONVERSION = YES;
				CLANG_WARN_INFINITE_RECURSION = YES;
				CLANG_WARN_INT_CONVERSION = YES;
				CLANG_WARN_NON_LITERAL_NULL_CONVERSION = YES;
				CLANG_WARN_OBJC_LITERAL_CONVERSION = YES;
				CLANG_WARN_OBJC_ROOT_CLASS = YES_ERROR;
				CLANG_WARN_RANGE_LOOP_ANALYSIS = YES;
				CLANG_WARN_STRICT_PROTOTYPES = YES;
				CLANG_WARN_SUSPICIOUS_MOVE = YES;
				CLANG_WARN_UNGUARDED_AVAILABILITY = YES_AGGRESSIVE;
				CLANG_WARN_UNREACHABLE_CODE = YES;
				CLANG_WARN__DUPLICATE_METHOD_MATCH = YES;
				CODE_SIGN_IDENTITY = "iPhone Developer";
				COPY_PHASE_STRIP = NO;
				DEBUG_INFORMATION_FORMAT = "dwarf-with-dsym";
				ENABLE_NS_ASSERTIONS = NO;
				ENABLE_STRICT_OBJC_MSGSEND = YES;
				GCC_C_LANGUAGE_STANDARD = gnu11;
				GCC_NO_COMMON_BLOCKS = YES;
				GCC_WARN_64_TO_32_BIT_CONVERSION = YES;
				GCC_WARN_ABOUT_RETURN_TYPE = YES_ERROR;
				GCC_WARN_UNDECLARED_SELECTOR = YES;
				GCC_WARN_UNINITIALIZED_AUTOS = YES_AGGRESSIVE;
				GCC_WARN_UNUSED_FUNCTION = YES;
				GCC_WARN_UNUSED_VARIABLE = YES;
				IPHONEOS_DEPLOYMENT_TARGET = 11.0;
				MTL_ENABLE_DEBUG_INFO = NO;
				SDKROOT = iphoneos;
				VALIDATE_PRODUCT = YES;
			};
			name = Release;
		};
		68AF3EC51FA31C4F00C6E455 /* Debug */ = {
			isa = XCBuildConfiguration;
			baseConfigurationReference = 51B4172C42F22114A5C8FB2D /* Pods-Ecg2GForPad.debug.xcconfig */;
			buildSettings = {
				ASSETCATALOG_COMPILER_APPICON_NAME = AppIcon;
				CODE_SIGN_STYLE = Automatic;
				DEVELOPMENT_TEAM = 3P982ZUUW8;
				GCC_PREFIX_HEADER = "$(SRCROOT)/$(PRODUCT_NAME)/SupportingFiles/PrefixHeader.pch";
				INFOPLIST_FILE = "$(SRCROOT)/Ecg2GForPad/SupportingFiles/Info.plist";
				IPHONEOS_DEPLOYMENT_TARGET = 8.0;
				LD_RUNPATH_SEARCH_PATHS = "$(inherited) @executable_path/Frameworks";
				PRODUCT_BUNDLE_IDENTIFIER = com.guanhu.Ecg.Ecg2GForPad;
				PRODUCT_NAME = "$(TARGET_NAME)";
				TARGETED_DEVICE_FAMILY = "1,2";
			};
			name = Debug;
		};
		68AF3EC61FA31C4F00C6E455 /* Release */ = {
			isa = XCBuildConfiguration;
			baseConfigurationReference = 4C78EF4B8835CC0D47F6D725 /* Pods-Ecg2GForPad.release.xcconfig */;
			buildSettings = {
				ASSETCATALOG_COMPILER_APPICON_NAME = AppIcon;
				CODE_SIGN_STYLE = Automatic;
				DEVELOPMENT_TEAM = 3P982ZUUW8;
				GCC_PREFIX_HEADER = "$(SRCROOT)/$(PRODUCT_NAME)/SupportingFiles/PrefixHeader.pch";
				INFOPLIST_FILE = "$(SRCROOT)/Ecg2GForPad/SupportingFiles/Info.plist";
				IPHONEOS_DEPLOYMENT_TARGET = 8.0;
				LD_RUNPATH_SEARCH_PATHS = "$(inherited) @executable_path/Frameworks";
				PRODUCT_BUNDLE_IDENTIFIER = com.guanhu.Ecg.Ecg2GForPad;
				PRODUCT_NAME = "$(TARGET_NAME)";
				TARGETED_DEVICE_FAMILY = "1,2";
			};
			name = Release;
		};
		68AF3EC81FA31C4F00C6E455 /* Debug */ = {
			isa = XCBuildConfiguration;
			baseConfigurationReference = 336E2333F73090A05A4EF608 /* Pods-Ecg2GForPadTests.debug.xcconfig */;
			buildSettings = {
				BUNDLE_LOADER = "$(TEST_HOST)";
				CODE_SIGN_STYLE = Automatic;
				DEVELOPMENT_TEAM = 3P982ZUUW8;
				INFOPLIST_FILE = Ecg2GForPadTests/Info.plist;
				LD_RUNPATH_SEARCH_PATHS = "$(inherited) @executable_path/Frameworks @loader_path/Frameworks";
				PRODUCT_BUNDLE_IDENTIFIER = com.guanhu.Ecg.Ecg2GForPadTests;
				PRODUCT_NAME = "$(TARGET_NAME)";
				TARGETED_DEVICE_FAMILY = "1,2";
				TEST_HOST = "$(BUILT_PRODUCTS_DIR)/Ecg2GForPad.app/Ecg2GForPad";
			};
			name = Debug;
		};
		68AF3EC91FA31C4F00C6E455 /* Release */ = {
			isa = XCBuildConfiguration;
			baseConfigurationReference = 454EEA78072255482F65ABD4 /* Pods-Ecg2GForPadTests.release.xcconfig */;
			buildSettings = {
				BUNDLE_LOADER = "$(TEST_HOST)";
				CODE_SIGN_STYLE = Automatic;
				DEVELOPMENT_TEAM = 3P982ZUUW8;
				INFOPLIST_FILE = Ecg2GForPadTests/Info.plist;
				LD_RUNPATH_SEARCH_PATHS = "$(inherited) @executable_path/Frameworks @loader_path/Frameworks";
				PRODUCT_BUNDLE_IDENTIFIER = com.guanhu.Ecg.Ecg2GForPadTests;
				PRODUCT_NAME = "$(TARGET_NAME)";
				TARGETED_DEVICE_FAMILY = "1,2";
				TEST_HOST = "$(BUILT_PRODUCTS_DIR)/Ecg2GForPad.app/Ecg2GForPad";
			};
			name = Release;
		};
		68AF3ECB1FA31C4F00C6E455 /* Debug */ = {
			isa = XCBuildConfiguration;
			baseConfigurationReference = 91EF720D8C1ADA513032A83A /* Pods-Ecg2GForPadUITests.debug.xcconfig */;
			buildSettings = {
				CODE_SIGN_STYLE = Automatic;
				DEVELOPMENT_TEAM = 3P982ZUUW8;
				INFOPLIST_FILE = Ecg2GForPadUITests/Info.plist;
				LD_RUNPATH_SEARCH_PATHS = "$(inherited) @executable_path/Frameworks @loader_path/Frameworks";
				PRODUCT_BUNDLE_IDENTIFIER = com.guanhu.Ecg.Ecg2GForPadUITests;
				PRODUCT_NAME = "$(TARGET_NAME)";
				TARGETED_DEVICE_FAMILY = "1,2";
				TEST_TARGET_NAME = Ecg2GForPad;
			};
			name = Debug;
		};
		68AF3ECC1FA31C4F00C6E455 /* Release */ = {
			isa = XCBuildConfiguration;
			baseConfigurationReference = BFA44A20FF3749AFD5D9826C /* Pods-Ecg2GForPadUITests.release.xcconfig */;
			buildSettings = {
				CODE_SIGN_STYLE = Automatic;
				DEVELOPMENT_TEAM = 3P982ZUUW8;
				INFOPLIST_FILE = Ecg2GForPadUITests/Info.plist;
				LD_RUNPATH_SEARCH_PATHS = "$(inherited) @executable_path/Frameworks @loader_path/Frameworks";
				PRODUCT_BUNDLE_IDENTIFIER = com.guanhu.Ecg.Ecg2GForPadUITests;
				PRODUCT_NAME = "$(TARGET_NAME)";
				TARGETED_DEVICE_FAMILY = "1,2";
				TEST_TARGET_NAME = Ecg2GForPad;
			};
			name = Release;
		};
/* End XCBuildConfiguration section */

/* Begin XCConfigurationList section */
		68AF3E931FA31C4E00C6E455 /* Build configuration list for PBXProject "Ecg2GForPad" */ = {
			isa = XCConfigurationList;
			buildConfigurations = (
				68AF3EC21FA31C4F00C6E455 /* Debug */,
				68AF3EC31FA31C4F00C6E455 /* Release */,
			);
			defaultConfigurationIsVisible = 0;
			defaultConfigurationName = Release;
		};
		68AF3EC41FA31C4F00C6E455 /* Build configuration list for PBXNativeTarget "Ecg2GForPad" */ = {
			isa = XCConfigurationList;
			buildConfigurations = (
				68AF3EC51FA31C4F00C6E455 /* Debug */,
				68AF3EC61FA31C4F00C6E455 /* Release */,
			);
			defaultConfigurationIsVisible = 0;
			defaultConfigurationName = Release;
		};
		68AF3EC71FA31C4F00C6E455 /* Build configuration list for PBXNativeTarget "Ecg2GForPadTests" */ = {
			isa = XCConfigurationList;
			buildConfigurations = (
				68AF3EC81FA31C4F00C6E455 /* Debug */,
				68AF3EC91FA31C4F00C6E455 /* Release */,
			);
			defaultConfigurationIsVisible = 0;
			defaultConfigurationName = Release;
		};
		68AF3ECA1FA31C4F00C6E455 /* Build configuration list for PBXNativeTarget "Ecg2GForPadUITests" */ = {
			isa = XCConfigurationList;
			buildConfigurations = (
				68AF3ECB1FA31C4F00C6E455 /* Debug */,
				68AF3ECC1FA31C4F00C6E455 /* Release */,
			);
			defaultConfigurationIsVisible = 0;
			defaultConfigurationName = Release;
		};
/* End XCConfigurationList section */
	};
	rootObject = 68AF3E901FA31C4E00C6E455 /* Project object */;
}
